
Microsoft Visual Studio Solution File, Format Version 12.00
# Visual Studio Version 17
VisualStudioVersion = 17.8.34525.116
MinimumVisualStudioVersion = 10.0.40219.1
Project("{FAE04EC0-301F-11D3-BF4B-00C04F79EFBC}") = "PerformanceTest", "PerformanceTest\PerformanceTest.csproj", "{C08A3F1A-8F4D-4754-8BCE-5F61BB49CEA9}"
EndProject
Global
	GlobalSection(SolutionConfigurationPlatforms) = preSolution
		Debug|Any CPU = Debug|Any CPU
		Release|Any CPU = Release|Any CPU
	EndGlobalSection
	GlobalSection(ProjectConfigurationPlatforms) = postSolution
		{C08A3F1A-8F4D-4754-8BCE-5F61BB49CEA9}.Debug|Any CPU.ActiveCfg = Debug|Any CPU
		{C08A3F1A-8F4D-4754-8BCE-5F61BB49CEA9}.Debug|Any CPU.Build.0 = Debug|Any CPU
		{C08A3F1A-8F4D-4754-8BCE-5F61BB49CEA9}.Release|Any CPU.ActiveCfg = Release|Any CPU
		{C08A3F1A-8F4D-4754-8BCE-5F61BB49CEA9}.Release|Any CPU.Build.0 = Release|Any CPU
	EndGlobalSection
	GlobalSection(SolutionProperties) = preSolution
		HideSolutionNode = FALSE
	EndGlobalSection
	GlobalSection(ExtensibilityGlobals) = postSolution
		SolutionGuid = {1E217328-57F3-4F0B-AF4C-C44A7604A8B1}
	EndGlobalSection
EndGlobal
